
Microsoft Visual Studio Solution File, Format Version 12.00
# Visual Studio Version 17
VisualStudioVersion = 17.13.35825.156 d17.13
MinimumVisualStudioVersion = 10.0.40219.1
Project("{FAE04EC0-301F-11D3-BF4B-00C04F79EFBC}") = "WpfApp1", "WpfApp1.csproj", "{145B6C4D-DD2E-4BD1-A132-11F6E07DDADE}"
EndProject
Global
	GlobalSection(SolutionConfigurationPlatforms) = preSolution
		Debug|Any CPU = Debug|Any CPU
		Release|Any CPU = Release|Any CPU
	EndGlobalSection
	GlobalSection(ProjectConfigurationPlatforms) = postSolution
		{145B6C4D-DD2E-4BD1-A132-11F6E07DDADE}.Debug|Any CPU.ActiveCfg = Debug|Any CPU
		{145B6C4D-DD2E-4BD1-A132-11F6E07DDADE}.Debug|Any CPU.Build.0 = Debug|Any CPU
		{145B6C4D-DD2E-4BD1-A132-11F6E07DDADE}.Release|Any CPU.ActiveCfg = Release|Any CPU
		{145B6C4D-DD2E-4BD1-A132-11F6E07DDADE}.Release|Any CPU.Build.0 = Release|Any CPU
	EndGlobalSection
	GlobalSection(SolutionProperties) = preSolution
		HideSolutionNode = FALSE
	EndGlobalSection
	GlobalSection(ExtensibilityGlobals) = postSolution
		SolutionGuid = {DFCA8C51-618E-452A-BD7A-D67A9EE26FC6}
	EndGlobalSection
EndGlobal
